github.com/codefuentes/gyro v0.0.0-20240201042621-7a5f5c7a994e h1:DHAnT0QAgvNGmkBWpigGZ9hrlCkFCY1CDCL0+AV3rEk=
github.com/codefuentes/gyro v0.0.0-20240201042621-7a5f5c7a994e/go.mod h1:oYgcZWCInOMXaqG9vZSneSlYTZwlH8OtSAkBdO5ME3E=
github.com/codefuentes/gyro v0.0.0-20240201044327-fde1ba99a44c h1:dyTkNG5wJIOeElbWE1YE5odHof2wj6HuwsZV+INeS2I=
github.com/codefuentes/gyro v0.0.0-20240201044327-fde1ba99a44c/go.mod h1:oYgcZWCInOMXaqG9vZSneSlYTZwlH8OtSAkBdO5ME3E=
github.com/codefuentes/gyro v0.0.0-20240201063425-6d8b46cf7497 h1:n7vDy3igjVuj6CuLdsmEirPJ0CVjw7eHBRK/LgNO1ic=
github.com/codefuentes/gyro v0.0.0-20240201063425-6d8b46cf7497/go.mod h1:oYgcZWCInOMXaqG9vZSneSlYTZwlH8OtSAkBdO5ME3E=
